Microsoft Visual Studio Solution File, Format Version 12.00
# Visual Studio Version 17
VisualStudioVersion = 17.5.2.0
MinimumVisualStudioVersion = 10.0.40219.1
Project("{FAE04EC0-301F-11D3-BF4B-00C04F79EFBC}") = "dotnet-todo-api", "dotnet-todo-api.csproj", "{17610B7A-DA5A-000D-1A12-9C0573762B65}"
EndProject
Global
	GlobalSection(SolutionConfigurationPlatforms) = preSolution
		Debug|Any CPU = Debug|Any CPU
		Release|Any CPU = Release|Any CPU
	EndGlobalSection
	GlobalSection(ProjectConfigurationPlatforms) = postSolution
		{17610B7A-DA5A-000D-1A12-9C0573762B65}.Debug|Any CPU.ActiveCfg = Debug|Any CPU
		{17610B7A-DA5A-000D-1A12-9C0573762B65}.Debug|Any CPU.Build.0 = Debug|Any CPU
		{17610B7A-DA5A-000D-1A12-9C0573762B65}.Release|Any CPU.ActiveCfg = Release|Any CPU
		{17610B7A-DA5A-000D-1A12-9C0573762B65}.Release|Any CPU.Build.0 = Release|Any CPU
	EndGlobalSection
	GlobalSection(SolutionProperties) = preSolution
		HideSolutionNode = FALSE
	EndGlobalSection
	GlobalSection(ExtensibilityGlobals) = postSolution
		SolutionGuid = {CBD27CDA-3D91-4302-9291-E32049923E2E}
	EndGlobalSection
EndGlobal
